<?xml version="1.0" encoding="utf-8"?>
<Project ToolsVersion="4.0" xmlns="http://schemas.microsoft.com/developer/msbuild/2003">
  <ItemGroup>
    <Filter Include="ソース ファイル">
      <UniqueIdentifier>{4FC737F1-C7A5-4376-A066-2A32D752A2FF}</UniqueIdentifier>
      <Extensions>cpp;c;cc;cxx;c++;cppm;ixx;def;odl;idl;hpj;bat;asm;asmx</Extensions>
    </Filter>
    <Filter Include="CSV">
      <UniqueIdentifier>{b7afb529-6189-4f56-8d85-7cf79cfbf650}</UniqueIdentifier>
    </Filter>
    <Filter Include="Charactor">
      <UniqueIdentifier>{ac749009-98db-497c-a51a-d119a2474427}</UniqueIdentifier>
    </Filter>
    <Filter Include="Engine">
      <UniqueIdentifier>{004ea9d3-b7a1-4e0e-9707-31cc0073b5fa}</UniqueIdentifier>
    </Filter>
    <Filter Include="Manager">
      <UniqueIdentifier>{33535267-863e-4d9b-8b68-681c53c21192}</UniqueIdentifier>
    </Filter>
    <Filter Include="Scene">
      <UniqueIdentifier>{85a76196-4064-4bea-818f-0cf2e88d37a5}</UniqueIdentifier>
    </Filter>
    <Filter Include="Object">
      <UniqueIdentifier>{5ea2f623-da17-4dd4-b1dc-417720c98c48}</UniqueIdentifier>
    </Filter>
    <Filter Include="CSV\Constant">
      <UniqueIdentifier>{1750ddbd-8c50-42ff-8b38-6457371d2887}</UniqueIdentifier>
    </Filter>
    <Filter Include="CSV\Graphic">
      <UniqueIdentifier>{6a3460d1-6c62-47ca-aaa9-1c650649d02c}</UniqueIdentifier>
    </Filter>
  </ItemGroup>
  <ItemGroup>
    <ClCompile Include="cpp\Application.cpp">
      <Filter>Engine</Filter>
    </ClCompile>
    <ClCompile Include="cpp\MainActor.cpp">
      <Filter>Charactor</Filter>
    </ClCompile>
    <ClCompile Include="cpp\CharactorBase.cpp">
      <Filter>Charactor</Filter>
    </ClCompile>
    <ClCompile Include="cpp\Components.cpp">
      <Filter>Engine</Filter>
    </ClCompile>
    <ClCompile Include="cpp\Constant.cpp">
      <Filter>Engine</Filter>
    </ClCompile>
    <ClCompile Include="cpp\EnemyBase.cpp">
      <Filter>Charactor</Filter>
    </ClCompile>
    <ClCompile Include="cpp\EnemyManager.cpp">
      <Filter>Manager</Filter>
    </ClCompile>
    <ClCompile Include="cpp\EnemyTest.cpp">
      <Filter>Charactor</Filter>
    </ClCompile>
    <ClCompile Include="cpp\GraphicManager.cpp">
      <Filter>Engine</Filter>
    </ClCompile>
    <ClCompile Include="cpp\Input.cpp">
      <Filter>Engine</Filter>
    </ClCompile>
    <ClCompile Include="cpp\SubActor.cpp">
      <Filter>Charactor</Filter>
    </ClCompile>
    <ClCompile Include="cpp\Player.cpp">
      <Filter>Charactor</Filter>
    </ClCompile>
    <ClCompile Include="cpp\SceneBase.cpp">
      <Filter>Scene</Filter>
    </ClCompile>
    <ClCompile Include="cpp\SceneManager.cpp">
      <Filter>Manager</Filter>
    </ClCompile>
    <ClCompile Include="cpp\SceneTest.cpp">
      <Filter>Scene</Filter>
    </ClCompile>
    <ClCompile Include="cpp\StaticFunction.cpp">
      <Filter>Engine</Filter>
    </ClCompile>
    <ClCompile Include="cpp\StaticObject.cpp">
      <Filter>Object</Filter>
    </ClCompile>
    <ClCompile Include="cpp\StaticObjectManager.cpp">
      <Filter>Manager</Filter>
    </ClCompile>
    <ClCompile Include="cpp\UI.cpp">
      <Filter>Engine</Filter>
    </ClCompile>
    <ClCompile Include="cpp\Sequence.cpp">
      <Filter>Engine</Filter>
    </ClCompile>
    <ClCompile Include="main.cpp">
      <Filter>ソース ファイル</Filter>
    </ClCompile>
    <ClCompile Include="cpp\PlayerCamera.cpp">
      <Filter>Object</Filter>
    </ClCompile>
  </ItemGroup>
  <ItemGroup>
    <None Include="data\constant\Application.csv">
      <Filter>CSV\Constant</Filter>
    </None>
    <None Include="data\constant\PlayerCamera.csv">
      <Filter>CSV\Constant</Filter>
    </None>
    <None Include="data\constant\Input.csv">
      <Filter>CSV\Constant</Filter>
    </None>
    <None Include="data\constant\SubActor.csv">
      <Filter>CSV\Constant</Filter>
    </None>
    <None Include="data\GraphicCSV\Graphics.csv">
      <Filter>CSV\Graphic</Filter>
    </None>
  </ItemGroup>
  <ItemGroup>
    <ClInclude Include="h\Application.h">
      <Filter>Engine</Filter>
    </ClInclude>
    <ClInclude Include="h\MainActor.h">
      <Filter>Charactor</Filter>
    </ClInclude>
    <ClInclude Include="h\CharactorBase.h">
      <Filter>Charactor</Filter>
    </ClInclude>
    <ClInclude Include="h\Components.h">
      <Filter>Engine</Filter>
    </ClInclude>
    <ClInclude Include="h\Constant.h">
      <Filter>Engine</Filter>
    </ClInclude>
    <ClInclude Include="h\EnemyBase.h">
      <Filter>Charactor</Filter>
    </ClInclude>
    <ClInclude Include="h\EnemyManager.h">
      <Filter>Manager</Filter>
    </ClInclude>
    <ClInclude Include="h\EnemyTest.h">
      <Filter>Charactor</Filter>
    </ClInclude>
    <ClInclude Include="h\GraphicManager.h">
      <Filter>Manager</Filter>
    </ClInclude>
    <ClInclude Include="h\Input.h">
      <Filter>Engine</Filter>
    </ClInclude>
    <ClInclude Include="h\SubActor.h">
      <Filter>Charactor</Filter>
    </ClInclude>
    <ClInclude Include="h\Player.h">
      <Filter>Charactor</Filter>
    </ClInclude>
    <ClInclude Include="h\SceneBase.h">
      <Filter>Scene</Filter>
    </ClInclude>
    <ClInclude Include="h\SceneTest.h">
      <Filter>Scene</Filter>
    </ClInclude>
    <ClInclude Include="h\SceneManager.h">
      <Filter>Manager</Filter>
    </ClInclude>
    <ClInclude Include="h\Singleton.h">
      <Filter>Engine</Filter>
    </ClInclude>
    <ClInclude Include="h\StaticFunction.h">
      <Filter>Engine</Filter>
    </ClInclude>
    <ClInclude Include="h\StaticObject.h">
      <Filter>Object</Filter>
    </ClInclude>
    <ClInclude Include="h\StaticObjectManager.h">
      <Filter>Manager</Filter>
    </ClInclude>
    <ClInclude Include="h\UI.h">
      <Filter>Engine</Filter>
    </ClInclude>
    <ClInclude Include="h\Vec3.h">
      <Filter>Engine</Filter>
    </ClInclude>
    <ClInclude Include="h\Sequence.h">
      <Filter>Engine</Filter>
    </ClInclude>
    <ClInclude Include="h\PlayerCamera.h">
      <Filter>Object</Filter>
    </ClInclude>
  </ItemGroup>
</Project>